{
  "version": "5",
  "remote": {
    "https://deno.land/std@0.224.0/async/delay.ts": "f90dd685b97c2f142b8069082993e437b1602b8e2561134827eeb7c12b95c499",
    "https://deno.land/std@0.224.0/http/server.ts": "f9313804bf6467a1704f45f76cb6cd0a3396a3b31c316035e6a4c2035d1ea514",
    "https://edge.netlify.com/": "fd941d61d88673d5f28aab283fb86fcc50f08a3bc80ee5470498fcfa88c65cfb",
    "https://edge.netlify.com/bootstrap/config.ts": "6a2ce0e544e15e8f8883a5c18da5948e37fd0f2619f68cb31f3af53c51817025",
    "https://edge.netlify.com/bootstrap/context.ts": "e97240232121e2f369f6546ce961490f34d961ea1ea54be3ff09633e3f08373f",
    "https://edge.netlify.com/bootstrap/cookie.ts": "8b0baae708989ca183c6f3b4ab3d029e6abcbc2e43f93edeb0ff447b3bbc3a05",
    "https://edge.netlify.com/bootstrap/edge_function.ts": "b8253e86aa83c67341f5cfedeba5049d77fbf84dcab7eceff7566b7728ae9b39",
    "https://edge.netlify.com/bootstrap/globals/types.ts": "eaa6148ded3121d8dee62dd91c86e7fe76601df0f3ca8d7962243a30f4c8935f"
  },
  "workspace": {
    "packageJson": {
      "dependencies": [
        "npm:@capacitor/action-sheet@^8.1.1",
        "npm:@capacitor/android@^8.5.0",
        "npm:@capacitor/app-launcher@^8.0.1",
        "npm:@capacitor/app@^8.1.1",
        "npm:@capacitor/browser@^8.0.4",
        "npm:@capacitor/camera@^8.2.3",
        "npm:@capacitor/cli@^8.5.0",
        "npm:@capacitor/clipboard@^8.0.1",
        "npm:@capacitor/core@^8.5.0",
        "npm:@capacitor/device@^8.0.3",
        "npm:@capacitor/dialog@^8.0.1",
        "npm:@capacitor/filesystem@^8.1.3",
        "npm:@capacitor/haptics@^8.0.2",
        "npm:@capacitor/ios@^8.5.0",
        "npm:@capacitor/keyboard@^8.0.5",
        "npm:@capacitor/local-notifications@^8.3.1",
        "npm:@capacitor/network@^8.0.1",
        "npm:@capacitor/preferences@^8.0.1",
        "npm:@capacitor/push-notifications@^8.1.2",
        "npm:@capacitor/share@^8.0.1",
        "npm:@capacitor/splash-screen@^8.0.2",
        "npm:@capacitor/status-bar@^8.0.3",
        "npm:@capacitor/toast@^8.0.1",
        "npm:@capawesome/capacitor-apple-sign-in@~0.1.3",
        "npm:@capgo/capacitor-updater@^8.51.14",
        "npm:@eslint/js@^10.0.1",
        "npm:@ffmpeg/core@0.12.10",
        "npm:@ffmpeg/ffmpeg@~0.12.15",
        "npm:@ffmpeg/util@~0.12.2",
        "npm:@googlemaps/markerclusterer@^2.6.2",
        "npm:@hookform/resolvers@^5.9.1",
        "npm:@mediapipe/tasks-vision@^1.0.1",
        "npm:@playwright/test@^1.62.1",
        "npm:@radix-ui/react-accordion@^1.2.20",
        "npm:@radix-ui/react-alert-dialog@^1.1.23",
        "npm:@radix-ui/react-avatar@^1.2.6",
        "npm:@radix-ui/react-checkbox@^1.3.11",
        "npm:@radix-ui/react-collapsible@^1.1.12",
        "npm:@radix-ui/react-dialog@^1.1.15",
        "npm:@radix-ui/react-dropdown-menu@^2.1.24",
        "npm:@radix-ui/react-label@^2.1.15",
        "npm:@radix-ui/react-popover@^1.1.23",
        "npm:@radix-ui/react-progress@^1.1.16",
        "npm:@radix-ui/react-radio-group@^1.4.7",
        "npm:@radix-ui/react-scroll-area@^1.2.18",
        "npm:@radix-ui/react-select@^2.3.7",
        "npm:@radix-ui/react-separator@^1.1.15",
        "npm:@radix-ui/react-slider@^1.4.7",
        "npm:@radix-ui/react-slot@^1.2.4",
        "npm:@radix-ui/react-switch@^1.3.7",
        "npm:@radix-ui/react-tabs@^1.1.21",
        "npm:@radix-ui/react-toast@^1.2.23",
        "npm:@radix-ui/react-tooltip@^1.2.16",
        "npm:@react-google-maps/api@^2.20.8",
        "npm:@stripe/connect-js@^3.4.6",
        "npm:@stripe/react-connect-js@^3.4.4",
        "npm:@stripe/react-stripe-js@^6.8.2",
        "npm:@stripe/stripe-js@^9.14.0",
        "npm:@supabase/ssr@~0.12.4",
        "npm:@supabase/supabase-js@^2.112.2",
        "npm:@tailwindcss/postcss@^4.3.3",
        "npm:@tailwindcss/typography@~0.5.20",
        "npm:@tanstack/react-query@^5.101.4",
        "npm:@testing-library/dom@^10.4.1",
        "npm:@testing-library/jest-dom@^7.0.1",
        "npm:@testing-library/react@^16.3.2",
        "npm:@types/file-saver@^2.0.7",
        "npm:@types/google.maps@^3.65.5",
        "npm:@types/node@^26.2.0",
        "npm:@types/react-dom@^19.2.4",
        "npm:@types/react@^19.2.18",
        "npm:@vitejs/plugin-react@^6.1.0",
        "npm:@zxing/browser@~0.2.1",
        "npm:@zxing/library@0.23",
        "npm:autoprefixer@^10.5.4",
        "npm:class-variance-authority@~0.7.1",
        "npm:client-zip@^2.5.0",
        "npm:clsx@^2.1.1",
        "npm:cmdk@^1.1.1",
        "npm:date-fns@^4.4.0",
        "npm:docx@^9.7.1",
        "npm:dotenv@^17.4.2",
        "npm:electron-builder@^26.15.3",
        "npm:electron@^43.4.1",
        "npm:embla-carousel-react@^8.6.0",
        "npm:esbuild@~0.28.2",
        "npm:eslint-plugin-react-hooks@^7.1.1",
        "npm:eslint-plugin-react-refresh@~0.5.4",
        "npm:eslint@^10.8.1",
        "npm:file-saver@^2.0.5",
        "npm:framer-motion@^13.1.0",
        "npm:globals@^17.9.0",
        "npm:html-to-image@^1.11.13",
        "npm:html2canvas@^1.4.1",
        "npm:input-otp@^1.4.2",
        "npm:jsbarcode@^3.12.3",
        "npm:jsdom@^30.0.1",
        "npm:jspdf-autotable@^5.0.8",
        "npm:jspdf@^4.2.1",
        "npm:jsqr@^1.4.0",
        "npm:livekit-client@^2.22.0",
        "npm:lovable-tagger@^1.3.3",
        "npm:lucide-react@^1.31.0",
        "npm:next-themes@~0.4.6",
        "npm:postcss@^8.5.26",
        "npm:qrcode.react@^4.2.0",
        "npm:react-day-picker@^10.0.1",
        "npm:react-dom@^19.2.8",
        "npm:react-helmet-async@3",
        "npm:react-hook-form@^7.85.0",
        "npm:react-router@8.3.0",
        "npm:react@^19.2.8",
        "npm:recharts@^3.10.1",
        "npm:sharp@~0.35.3",
        "npm:sonner@^2.0.8",
        "npm:supabase@^2.115.0",
        "npm:tailwind-merge@^3.6.0",
        "npm:tailwindcss-animate@^1.0.7",
        "npm:tailwindcss@^4.3.0",
        "npm:tsx@^4.23.12",
        "npm:typescript-eslint@^8.67.0",
        "npm:typescript@^6.0.3",
        "npm:vaul@^1.1.2",
        "npm:vite-plugin-pwa@^1.3.0",
        "npm:vite@^8.2.1",
        "npm:vitest@^4.1.11",
        "npm:web-vitals@^6.1.0",
        "npm:workbox-window@^7.4.1",
        "npm:wrangler@4.127.1",
        "npm:zod@^4.4.3"
      ],
      "overrides": {
        "brace-expansion": "5.0.9",
        "fast-uri": "^3.1.5",
        "js-yaml": "^4.3.1",
        "serialize-javascript": "^7.0.5",
        "xcode": {
          "uuid": "11.1.1"
        }
      }
    }
  }
}
